// !$*UTF8*$!
{
	archiveVersion = 1;
	classes = {
	};
	objectVersion = 46;
	objects = {

/* Begin PBXBuildFile section */
		E91DEEAC1AFFAAC500F004F8 /* libc++.dylib in Frameworks */ = {isa = PBXBuildFile; fileRef = E91DEEAB1AFFAAC500F004F8 /* libc++.dylib */; };
		E91DEEE21AFFAC4200F004F8 /* TSUtils.m in Sources */ = {isa = PBXBuildFile; fileRef = E91DEEB11AFFAC4200F004F8 /* TSUtils.m */; };
		E91DEEE31AFFAC4200F004F8 /* TSNavigationStripModel.m in Sources */ = {isa = PBXBuildFile; fileRef = E91DEEB51AFFAC4200F004F8 /* TSNavigationStripModel.m */; };
		E91DEEE41AFFAC4200F004F8 /* TSNavigationStripView.m in Sources */ = {isa = PBXBuildFile; fileRef = E91DEEB71AFFAC4200F004F8 /* TSNavigationStripView.m */; };
		E91DEEE51AFFAC4200F004F8 /* TSScrollView.m in Sources */ = {isa = PBXBuildFile; fileRef = E91DEEBB1AFFAC4200F004F8 /* TSScrollView.m */; };
		E91DEEE61AFFAC4200F004F8 /* TSTableViewContentHolder.m in Sources */ = {isa = PBXBuildFile; fileRef = E91DEEC01AFFAC4200F004F8 /* TSTableViewContentHolder.m */; };
		E91DEEE71AFFAC4200F004F8 /* TSTableViewExpandControlPanel.m in Sources */ = {isa = PBXBuildFile; fileRef = E91DEEC21AFFAC4200F004F8 /* TSTableViewExpandControlPanel.m */; };
		E91DEEE81AFFAC4200F004F8 /* TSTableViewExpandSection.m in Sources */ = {isa = PBXBuildFile; fileRef = E91DEEC41AFFAC4200F004F8 /* TSTableViewExpandSection.m */; };
		E91DEEE91AFFAC4200F004F8 /* TSTableViewHeaderPanel.m in Sources */ = {isa = PBXBuildFile; fileRef = E91DEEC61AFFAC4200F004F8 /* TSTableViewHeaderPanel.m */; };
		E91DEEEA1AFFAC4200F004F8 /* TSTableViewHeaderSection.m in Sources */ = {isa = PBXBuildFile; fileRef = E91DEEC81AFFAC4200F004F8 /* TSTableViewHeaderSection.m */; };
		E91DEEEB1AFFAC4200F004F8 /* TSTableViewRow.m in Sources */ = {isa = PBXBuildFile; fileRef = E91DEECA1AFFAC4200F004F8 /* TSTableViewRow.m */; };
		E91DEEEC1AFFAC4200F004F8 /* TSTableView.m in Sources */ = {isa = PBXBuildFile; fileRef = E91DEECC1AFFAC4200F004F8 /* TSTableView.m */; };
		E91DEEED1AFFAC4200F004F8 /* TSTableViewCell.m in Sources */ = {isa = PBXBuildFile; fileRef = E91DEECE1AFFAC4200F004F8 /* TSTableViewCell.m */; };
		E91DEEEE1AFFAC4200F004F8 /* TSTableViewHeaderSectionView.m in Sources */ = {isa = PBXBuildFile; fileRef = E91DEED21AFFAC4200F004F8 /* TSTableViewHeaderSectionView.m */; };
		E91DEEEF1AFFAC4200F004F8 /* TSTableViewModel.m in Sources */ = {isa = PBXBuildFile; fileRef = E91DEED41AFFAC4200F004F8 /* TSTableViewModel.m */; };
		E91DEEF01AFFAC4200F004F8 /* TSTabView.m in Sources */ = {isa = PBXBuildFile; fileRef = E91DEED71AFFAC4200F004F8 /* TSTabView.m */; };
		E91DEEF11AFFAC4200F004F8 /* TSTabViewModel.m in Sources */ = {isa = PBXBuildFile; fileRef = E91DEEDB1AFFAC4200F004F8 /* TSTabViewModel.m */; };
		E91DEEF21AFFAC4200F004F8 /* TSTabViewWithDropDownPanel.m in Sources */ = {isa = PBXBuildFile; fileRef = E91DEEDE1AFFAC4200F004F8 /* TSTabViewWithDropDownPanel.m */; };
		E91DEEF31AFFAC4200F004F8 /* TSTabViewWithDropDownPanelModel.m in Sources */ = {isa = PBXBuildFile; fileRef = E91DEEE11AFFAC4200F004F8 /* TSTabViewWithDropDownPanelModel.m */; };
		E92C930A1B0490490026BD3A /* data.m in Sources */ = {isa = PBXBuildFile; fileRef = E92C93091B0490490026BD3A /* data.m */; };
		E92C93101B0490F20026BD3A /* QKDataAnalyzer.m in Sources */ = {isa = PBXBuildFile; fileRef = E92C930F1B0490F20026BD3A /* QKDataAnalyzer.m */; };
		E966D0BB1B01E89F0070AA69 /* ControlChartViewController.m in Sources */ = {isa = PBXBuildFile; fileRef = E966D0BA1B01E89F0070AA69 /* ControlChartViewController.m */; };
		E966D0C31B022A890070AA69 /* QualityKitDef.m in Sources */ = {isa = PBXBuildFile; fileRef = E966D0C21B022A890070AA69 /* QualityKitDef.m */; };
		E966D0C61B024F5B0070AA69 /* RulesTableViewController.m in Sources */ = {isa = PBXBuildFile; fileRef = E966D0C51B024F5B0070AA69 /* RulesTableViewController.m */; };
		E966D0CB1B034FD40070AA69 /* DetailViewController.m in Sources */ = {isa = PBXBuildFile; fileRef = E966D0C81B034FD40070AA69 /* DetailViewController.m */; };
		E966D0CC1B034FD40070AA69 /* MasterViewController.m in Sources */ = {isa = PBXBuildFile; fileRef = E966D0CA1B034FD40070AA69 /* MasterViewController.m */; };
		E98C60E61AFFA1DC00710840 /* QuartzCore.framework in Frameworks */ = {isa = PBXBuildFile; fileRef = E98C60E51AFFA1DC00710840 /* QuartzCore.framework */; };
		E98DD9AC1B0100480040C4BE /* Realm.framework in Frameworks */ = {isa = PBXBuildFile; fileRef = E98DD9AB1B0100470040C4BE /* Realm.framework */; };
		E99A5DB11B00CAF500EA23E5 /* libiconv.dylib in Frameworks */ = {isa = PBXBuildFile; fileRef = E99A5DB01B00CAF500EA23E5 /* libiconv.dylib */; };
		E99A5DB61B00CDF500EA23E5 /* DataManager.m in Sources */ = {isa = PBXBuildFile; fileRef = E99A5DB51B00CDF500EA23E5 /* DataManager.m */; };
		E99A5DBD1B00E5ED00EA23E5 /* DataProcessor.m in Sources */ = {isa = PBXBuildFile; fileRef = E99A5DBC1B00E5ED00EA23E5 /* DataProcessor.m */; };
		E99A5DDB1B00ED2700EA23E5 /* XlsReader.cpp in Sources */ = {isa = PBXBuildFile; fileRef = E99A5DC11B00ED2700EA23E5 /* XlsReader.cpp */; };
		E99A5DDC1B00ED2700EA23E5 /* endian.c in Sources */ = {isa = PBXBuildFile; fileRef = E99A5DCE1B00ED2700EA23E5 /* endian.c */; };
		E99A5DDD1B00ED2700EA23E5 /* ole.c in Sources */ = {isa = PBXBuildFile; fileRef = E99A5DCF1B00ED2700EA23E5 /* ole.c */; };
		E99A5DDE1B00ED2700EA23E5 /* xls.c in Sources */ = {isa = PBXBuildFile; fileRef = E99A5DD01B00ED2700EA23E5 /* xls.c */; };
		E99A5DDF1B00ED2700EA23E5 /* xlstool.c in Sources */ = {isa = PBXBuildFile; fileRef = E99A5DD11B00ED2700EA23E5 /* xlstool.c */; };
		E99A5DE01B00ED2700EA23E5 /* Licenses in Resources */ = {isa = PBXBuildFile; fileRef = E99A5DD21B00ED2700EA23E5 /* Licenses */; };
		E99A5DE11B00ED2700EA23E5 /* QZCell.m in Sources */ = {isa = PBXBuildFile; fileRef = E99A5DD41B00ED2700EA23E5 /* QZCell.m */; };
		E99A5DE21B00ED2700EA23E5 /* QZWorkbook.m in Sources */ = {isa = PBXBuildFile; fileRef = E99A5DD61B00ED2700EA23E5 /* QZWorkbook.m */; };
		E99A5DE31B00ED2700EA23E5 /* QZWorkSheet.m in Sources */ = {isa = PBXBuildFile; fileRef = E99A5DD81B00ED2700EA23E5 /* QZWorkSheet.m */; };
		E9DC5DE01B04E69400CA612F /* MsgDisplay.m in Sources */ = {isa = PBXBuildFile; fileRef = E9DC5DDF1B04E69400CA612F /* MsgDisplay.m */; };
		E9F3BD271AFF966900D998FC /* main.m in Sources */ = {isa = PBXBuildFile; fileRef = E9F3BD261AFF966900D998FC /* main.m */; };
		E9F3BD2A1AFF966900D998FC /* AppDelegate.m in Sources */ = {isa = PBXBuildFile; fileRef = E9F3BD291AFF966900D998FC /* AppDelegate.m */; };
		E9F3BD331AFF966900D998FC /* Main.storyboard in Resources */ = {isa = PBXBuildFile; fileRef = E9F3BD311AFF966900D998FC /* Main.storyboard */; };
		E9F3BD351AFF966900D998FC /* Images.xcassets in Resources */ = {isa = PBXBuildFile; fileRef = E9F3BD341AFF966900D998FC /* Images.xcassets */; };
		E9F3BD381AFF966900D998FC /* LaunchScreen.xib in Resources */ = {isa = PBXBuildFile; fileRef = E9F3BD361AFF966900D998FC /* LaunchScreen.xib */; };
		E9F3BD441AFF966900D998FC /* QualityKitTests.m in Sources */ = {isa = PBXBuildFile; fileRef = E9F3BD431AFF966900D998FC /* QualityKitTests.m */; };
		E9F6B8B41B01964900435FB4 /* QualityData.m in Sources */ = {isa = PBXBuildFile; fileRef = E9F6B8B31B01964900435FB4 /* QualityData.m */; };
		E9F6B8B81B01A0A700435FB4 /* CoreGraphics.framework in Frameworks */ = {isa = PBXBuildFile; fileRef = E9F6B8B71B01A0A700435FB4 /* CoreGraphics.framework */; };
		E9F6B8BA1B01A0B300435FB4 /* Foundation.framework in Frameworks */ = {isa = PBXBuildFile; fileRef = E9F6B8B91B01A0B300435FB4 /* Foundation.framework */; };
		E9F6B8BC1B01A0BA00435FB4 /* UIKit.framework in Frameworks */ = {isa = PBXBuildFile; fileRef = E9F6B8BB1B01A0BA00435FB4 /* UIKit.framework */; };
		E9F6B8BF1B01A1EF00435FB4 /* ControlChartView.m in Sources */ = {isa = PBXBuildFile; fileRef = E9F6B8BE1B01A1EF00435FB4 /* ControlChartView.m */; };
		FEBA09359E94001A00D39585 /* libPods.a in Frameworks */ = {isa = PBXBuildFile; fileRef = 5081CC4A0994217905D52E9B /* libPods.a */; };
/* End PBXBuildFile section */

/* Begin PBXContainerItemProxy section */
		E9F3BD3E1AFF966900D998FC /* PBXContainerItemProxy */ = {
			isa = PBXContainerItemProxy;
			containerPortal = E9F3BD191AFF966800D998FC /* Project object */;
			proxyType = 1;
			remoteGlobalIDString = E9F3BD201AFF966900D998FC;
			remoteInfo = QualityKit;
		};
/* End PBXContainerItemProxy section */

/* Begin PBXFileReference section */
		5081CC4A0994217905D52E9B /* libPods.a */ = {isa = PBXFileReference; explicitFileType = archive.ar; includeInIndex = 0; path = libPods.a; sourceTree = BUILT_PRODUCTS_DIR; };
		A19FF4B7E4FF5F87622D6772 /* Pods.debug.xcconfig */ = {isa = PBXFileReference; includeInIndex = 1; lastKnownFileType = text.xcconfig; name = Pods.debug.xcconfig; path = "Pods/Target Support Files/Pods/Pods.debug.xcconfig"; sourceTree = "<group>"; };
		E91DEEAB1AFFAAC500F004F8 /* libc++.dylib */ = {isa = PBXFileReference; lastKnownFileType = "compiled.mach-o.dylib"; name = "libc++.dylib"; path = "usr/lib/libc++.dylib"; sourceTree = SDKROOT; };
		E91DEEAF1AFFAC4200F004F8 /* TSDefines.h */ = {isa = PBXFileReference; fileEncoding = 4; lastKnownFileType = sourcecode.c.h; path = TSDefines.h; sourceTree = "<group>"; };
		E91DEEB01AFFAC4200F004F8 /* TSUtils.h */ = {isa = PBXFileReference; fileEncoding = 4; lastKnownFileType = sourcecode.c.h; path = TSUtils.h; sourceTree = "<group>"; };
		E91DEEB11AFFAC4200F004F8 /* TSUtils.m */ = {isa = PBXFileReference; fileEncoding = 4; lastKnownFileType = sourcecode.c.objc; path = TSUtils.m; sourceTree = "<group>"; };
		E91DEEB31AFFAC4200F004F8 /* TSNavigationStripDataSource.h */ = {isa = PBXFileReference; fileEncoding = 4; lastKnownFileType = sourcecode.c.h; path = TSNavigationStripDataSource.h; sourceTree = "<group>"; };
		E91DEEB41AFFAC4200F004F8 /* TSNavigationStripModel.h */ = {isa = PBXFileReference; fileEncoding = 4; lastKnownFileType = sourcecode.c.h; path = TSNavigationStripModel.h; sourceTree = "<group>"; };
		E91DEEB51AFFAC4200F004F8 /* TSNavigationStripModel.m */ = {isa = PBXFileReference; fileEncoding = 4; lastKnownFileType = sourcecode.c.objc; path = TSNavigationStripModel.m; sourceTree = "<group>"; };
		E91DEEB61AFFAC4200F004F8 /* TSNavigationStripView.h */ = {isa = PBXFileReference; fileEncoding = 4; lastKnownFileType = sourcecode.c.h; path = TSNavigationStripView.h; sourceTree = "<group>"; };
		E91DEEB71AFFAC4200F004F8 /* TSNavigationStripView.m */ = {isa = PBXFileReference; fileEncoding = 4; lastKnownFileType = sourcecode.c.objc; path = TSNavigationStripView.m; sourceTree = "<group>"; };
		E91DEEB81AFFAC4200F004F8 /* TSNavigationStripViewDelegate.h */ = {isa = PBXFileReference; fileEncoding = 4; lastKnownFileType = sourcecode.c.h; path = TSNavigationStripViewDelegate.h; sourceTree = "<group>"; };
		E91DEEBA1AFFAC4200F004F8 /* TSScrollView.h */ = {isa = PBXFileReference; fileEncoding = 4; lastKnownFileType = sourcecode.c.h; path = TSScrollView.h; sourceTree = "<group>"; };
		E91DEEBB1AFFAC4200F004F8 /* TSScrollView.m */ = {isa = PBXFileReference; fileEncoding = 4; lastKnownFileType = sourcecode.c.objc; path = TSScrollView.m; sourceTree = "<group>"; };
		E91DEEBE1AFFAC4200F004F8 /* TSTableViewAppearanceCoordinator.h */ = {isa = PBXFileReference; fileEncoding = 4; lastKnownFileType = sourcecode.c.h; path = TSTableViewAppearanceCoordinator.h; sourceTree = "<group>"; };
		E91DEEBF1AFFAC4200F004F8 /* TSTableViewContentHolder.h */ = {isa = PBXFileReference; fileEncoding = 4; lastKnownFileType = sourcecode.c.h; path = TSTableViewContentHolder.h; sourceTree = "<group>"; };
		E91DEEC01AFFAC4200F004F8 /* TSTableViewContentHolder.m */ = {isa = PBXFileReference; fileEncoding = 4; lastKnownFileType = sourcecode.c.objc; path = TSTableViewContentHolder.m; sourceTree = "<group>"; };
		E91DEEC11AFFAC4200F004F8 /* TSTableViewExpandControlPanel.h */ = {isa = PBXFileReference; fileEncoding = 4; lastKnownFileType = sourcecode.c.h; path = TSTableViewExpandControlPanel.h; sourceTree = "<group>"; };
		E91DEEC21AFFAC4200F004F8 /* TSTableViewExpandControlPanel.m */ = {isa = PBXFileReference; fileEncoding = 4; lastKnownFileType = sourcecode.c.objc; path = TSTableViewExpandControlPanel.m; sourceTree = "<group>"; };
		E91DEEC31AFFAC4200F004F8 /* TSTableViewExpandSection.h */ = {isa = PBXFileReference; fileEncoding = 4; lastKnownFileType = sourcecode.c.h; path = TSTableViewExpandSection.h; sourceTree = "<group>"; };
		E91DEEC41AFFAC4200F004F8 /* TSTableViewExpandSection.m */ = {isa = PBXFileReference; fileEncoding = 4; lastKnownFileType = sourcecode.c.objc; path = TSTableViewExpandSection.m; sourceTree = "<group>"; };
		E91DEEC51AFFAC4200F004F8 /* TSTableViewHeaderPanel.h */ = {isa = PBXFileReference; fileEncoding = 4; lastKnownFileType = sourcecode.c.h; path = TSTableViewHeaderPanel.h; sourceTree = "<group>"; };
		E91DEEC61AFFAC4200F004F8 /* TSTableViewHeaderPanel.m */ = {isa = PBXFileReference; fileEncoding = 4; lastKnownFileType = sourcecode.c.objc; path = TSTableViewHeaderPanel.m; sourceTree = "<group>"; };
		E91DEEC71AFFAC4200F004F8 /* TSTableViewHeaderSection.h */ = {isa = PBXFileReference; fileEncoding = 4; lastKnownFileType = sourcecode.c.h; path = TSTableViewHeaderSection.h; sourceTree = "<group>"; };
		E91DEEC81AFFAC4200F004F8 /* TSTableViewHeaderSection.m */ = {isa = PBXFileReference; fileEncoding = 4; lastKnownFileType = sourcecode.c.objc; path = TSTableViewHeaderSection.m; sourceTree = "<group>"; };
		E91DEEC91AFFAC4200F004F8 /* TSTableViewRow.h */ = {isa = PBXFileReference; fileEncoding = 4; lastKnownFileType = sourcecode.c.h; path = TSTableViewRow.h; sourceTree = "<group>"; };
		E91DEECA1AFFAC4200F004F8 /* TSTableViewRow.m */ = {isa = PBXFileReference; fileEncoding = 4; lastKnownFileType = sourcecode.c.objc; path = TSTableViewRow.m; sourceTree = "<group>"; };
		E91DEECB1AFFAC4200F004F8 /* TSTableView.h */ = {isa = PBXFileReference; fileEncoding = 4; lastKnownFileType = sourcecode.c.h; path = TSTableView.h; sourceTree = "<group>"; };
		E91DEECC1AFFAC4200F004F8 /* TSTableView.m */ = {isa = PBXFileReference; fileEncoding = 4; lastKnownFileType = sourcecode.c.objc; path = TSTableView.m; sourceTree = "<group>"; };
		E91DEECD1AFFAC4200F004F8 /* TSTableViewCell.h */ = {isa = PBXFileReference; fileEncoding = 4; lastKnownFileType = sourcecode.c.h; path = TSTableViewCell.h; sourceTree = "<group>"; };
		E91DEECE1AFFAC4200F004F8 /* TSTableViewCell.m */ = {isa = PBXFileReference; fileEncoding = 4; lastKnownFileType = sourcecode.c.objc; path = TSTableViewCell.m; sourceTree = "<group>"; };
		E91DEECF1AFFAC4200F004F8 /* TSTableViewDataSource.h */ = {isa = PBXFileReference; fileEncoding = 4; lastKnownFileType = sourcecode.c.h; path = TSTableViewDataSource.h; sourceTree = "<group>"; };
		E91DEED01AFFAC4200F004F8 /* TSTableViewDelegate.h */ = {isa = PBXFileReference; fileEncoding = 4; lastKnownFileType = sourcecode.c.h; path = TSTableViewDelegate.h; sourceTree = "<group>"; };
		E91DEED11AFFAC4200F004F8 /* TSTableViewHeaderSectionView.h */ = {isa = PBXFileReference; fileEncoding = 4; lastKnownFileType = sourcecode.c.h; path = TSTableViewHeaderSectionView.h; sourceTree = "<group>"; };
		E91DEED21AFFAC4200F004F8 /* TSTableViewHeaderSectionView.m */ = {isa = PBXFileReference; fileEncoding = 4; lastKnownFileType = sourcecode.c.objc; path = TSTableViewHeaderSectionView.m; sourceTree = "<group>"; };
		E91DEED31AFFAC4200F004F8 /* TSTableViewModel.h */ = {isa = PBXFileReference; fileEncoding = 4; lastKnownFileType = sourcecode.c.h; path = TSTableViewModel.h; sourceTree = "<group>"; };
		E91DEED41AFFAC4200F004F8 /* TSTableViewModel.m */ = {isa = PBXFileReference; fileEncoding = 4; lastKnownFileType = sourcecode.c.objc; path = TSTableViewModel.m; sourceTree = "<group>"; };
		E91DEED61AFFAC4200F004F8 /* TSTabView.h */ = {isa = PBXFileReference; fileEncoding = 4; lastKnownFileType = sourcecode.c.h; path = TSTabView.h; sourceTree = "<group>"; };
		E91DEED71AFFAC4200F004F8 /* TSTabView.m */ = {isa = PBXFileReference; fileEncoding = 4; lastKnownFileType = sourcecode.c.objc; path = TSTabView.m; sourceTree = "<group>"; };
		E91DEED81AFFAC4200F004F8 /* TSTabViewDataSource.h */ = {isa = PBXFileReference; fileEncoding = 4; lastKnownFileType = sourcecode.c.h; path = TSTabViewDataSource.h; sourceTree = "<group>"; };
		E91DEED91AFFAC4200F004F8 /* TSTabViewDelegate.h */ = {isa = PBXFileReference; fileEncoding = 4; lastKnownFileType = sourcecode.c.h; path = TSTabViewDelegate.h; sourceTree = "<group>"; };
		E91DEEDA1AFFAC4200F004F8 /* TSTabViewModel.h */ = {isa = PBXFileReference; fileEncoding = 4; lastKnownFileType = sourcecode.c.h; path = TSTabViewModel.h; sourceTree = "<group>"; };
		E91DEEDB1AFFAC4200F004F8 /* TSTabViewModel.m */ = {isa = PBXFileReference; fileEncoding = 4; lastKnownFileType = sourcecode.c.objc; path = TSTabViewModel.m; sourceTree = "<group>"; };
		E91DEEDD1AFFAC4200F004F8 /* TSTabViewWithDropDownPanel.h */ = {isa = PBXFileReference; fileEncoding = 4; lastKnownFileType = sourcecode.c.h; path = TSTabViewWithDropDownPanel.h; sourceTree = "<group>"; };
		E91DEEDE1AFFAC4200F004F8 /* TSTabViewWithDropDownPanel.m */ = {isa = PBXFileReference; fileEncoding = 4; lastKnownFileType = sourcecode.c.objc; path = TSTabViewWithDropDownPanel.m; sourceTree = "<group>"; };
		E91DEEDF1AFFAC4200F004F8 /* TSTabViewWithDropDownPanelDelegate.h */ = {isa = PBXFileReference; fileEncoding = 4; lastKnownFileType = sourcecode.c.h; path = TSTabViewWithDropDownPanelDelegate.h; sourceTree = "<group>"; };
		E91DEEE01AFFAC4200F004F8 /* TSTabViewWithDropDownPanelModel.h */ = {isa = PBXFileReference; fileEncoding = 4; lastKnownFileType = sourcecode.c.h; path = TSTabViewWithDropDownPanelModel.h; sourceTree = "<group>"; };
		E91DEEE11AFFAC4200F004F8 /* TSTabViewWithDropDownPanelModel.m */ = {isa = PBXFileReference; fileEncoding = 4; lastKnownFileType = sourcecode.c.objc; path = TSTabViewWithDropDownPanelModel.m; sourceTree = "<group>"; };
		E92C93081B0490490026BD3A /* data.h */ = {isa = PBXFileReference; fileEncoding = 4; lastKnownFileType = sourcecode.c.h; path = data.h; sourceTree = "<group>"; };
		E92C93091B0490490026BD3A /* data.m */ = {isa = PBXFileReference; fileEncoding = 4; lastKnownFileType = sourcecode.c.objc; path = data.m; sourceTree = "<group>"; };
		E92C930E1B0490F20026BD3A /* QKDataAnalyzer.h */ = {isa = PBXFileReference; fileEncoding = 4; lastKnownFileType = sourcecode.c.h; path = QKDataAnalyzer.h; sourceTree = "<group>"; };
		E92C930F1B0490F20026BD3A /* QKDataAnalyzer.m */ = {isa = PBXFileReference; fileEncoding = 4; lastKnownFileType = sourcecode.c.objc; path = QKDataAnalyzer.m; sourceTree = "<group>"; };
		E966D0B91B01E89F0070AA69 /* ControlChartViewController.h */ = {isa = PBXFileReference; fileEncoding = 4; lastKnownFileType = sourcecode.c.h; path = ControlChartViewController.h; sourceTree = "<group>"; };
		E966D0BA1B01E89F0070AA69 /* ControlChartViewController.m */ = {isa = PBXFileReference; fileEncoding = 4; lastKnownFileType = sourcecode.c.objc; path = ControlChartViewController.m; sourceTree = "<group>"; };
		E966D0C11B022A890070AA69 /* QualityKitDef.h */ = {isa = PBXFileReference; fileEncoding = 4; lastKnownFileType = sourcecode.c.h; path = QualityKitDef.h; sourceTree = "<group>"; };
		E966D0C21B022A890070AA69 /* QualityKitDef.m */ = {isa = PBXFileReference; fileEncoding = 4; lastKnownFileType = sourcecode.c.objc; path = QualityKitDef.m; sourceTree = "<group>"; };
		E966D0C41B024F5B0070AA69 /* RulesTableViewController.h */ = {isa = PBXFileReference; fileEncoding = 4; lastKnownFileType = sourcecode.c.h; path = RulesTableViewController.h; sourceTree = "<group>"; };
		E966D0C51B024F5B0070AA69 /* RulesTableViewController.m */ = {isa = PBXFileReference; fileEncoding = 4; lastKnownFileType = sourcecode.c.objc; path = RulesTableViewController.m; sourceTree = "<group>"; };
		E966D0C71B034FD40070AA69 /* DetailViewController.h */ = {isa = PBXFileReference; fileEncoding = 4; lastKnownFileType = sourcecode.c.h; path = DetailViewController.h; sourceTree = "<group>"; };
		E966D0C81B034FD40070AA69 /* DetailViewController.m */ = {isa = PBXFileReference; fileEncoding = 4; lastKnownFileType = sourcecode.c.objc; path = DetailViewController.m; sourceTree = "<group>"; };
		E966D0C91B034FD40070AA69 /* MasterViewController.h */ = {isa = PBXFileReference; fileEncoding = 4; lastKnownFileType = sourcecode.c.h; path = MasterViewController.h; sourceTree = "<group>"; };
		E966D0CA1B034FD40070AA69 /* MasterViewController.m */ = {isa = PBXFileReference; fileEncoding = 4; lastKnownFileType = sourcecode.c.objc; path = MasterViewController.m; sourceTree = "<group>"; };
		E98C60E51AFFA1DC00710840 /* QuartzCore.framework */ = {isa = PBXFileReference; lastKnownFileType = wrapper.framework; name = QuartzCore.framework; path = System/Library/Frameworks/QuartzCore.framework; sourceTree = SDKROOT; };
		E98DD9AB1B0100470040C4BE /* Realm.framework */ = {isa = PBXFileReference; lastKnownFileType = wrapper.framework; name = Realm.framework; path = QualityKit/Framework/Realm.framework; sourceTree = "<group>"; };
		E99A5DB01B00CAF500EA23E5 /* libiconv.dylib */ = {isa = PBXFileReference; lastKnownFileType = "compiled.mach-o.dylib"; name = libiconv.dylib; path = usr/lib/libiconv.dylib; sourceTree = SDKROOT; };
		E99A5DB21B00CD9400EA23E5 /* zh-Hans */ = {isa = PBXFileReference; lastKnownFileType = text.plist.strings; name = "zh-Hans"; path = "zh-Hans.lproj/LaunchScreen.strings"; sourceTree = "<group>"; };
		E99A5DB31B00CD9400EA23E5 /* zh-Hans */ = {isa = PBXFileReference; lastKnownFileType = text.plist.strings; name = "zh-Hans"; path = "zh-Hans.lproj/Main.strings"; sourceTree = "<group>"; };
		E99A5DB41B00CDF500EA23E5 /* DataManager.h */ = {isa = PBXFileReference; fileEncoding = 4; lastKnownFileType = sourcecode.c.h; path = DataManager.h; sourceTree = "<group>"; };
		E99A5DB51B00CDF500EA23E5 /* DataManager.m */ = {isa = PBXFileReference; fileEncoding = 4; lastKnownFileType = sourcecode.c.objc; path = DataManager.m; sourceTree = "<group>"; };
		E99A5DBB1B00E5ED00EA23E5 /* DataProcessor.h */ = {isa = PBXFileReference; fileEncoding = 4; lastKnownFileType = sourcecode.c.h; path = DataProcessor.h; sourceTree = "<group>"; };
		E99A5DBC1B00E5ED00EA23E5 /* DataProcessor.m */ = {isa = PBXFileReference; fileEncoding = 4; lastKnownFileType = sourcecode.c.objc; path = DataProcessor.m; sourceTree = "<group>"; };
		E99A5DC11B00ED2700EA23E5 /* XlsReader.cpp */ = {isa = PBXFileReference; fileEncoding = 4; lastKnownFileType = sourcecode.cpp.cpp; path = XlsReader.cpp; sourceTree = "<group>"; };
		E99A5DC21B00ED2700EA23E5 /* XlsReader.h */ = {isa = PBXFileReference; fileEncoding = 4; lastKnownFileType = sourcecode.c.h; path = XlsReader.h; sourceTree = "<group>"; };
		E99A5DC31B00ED2700EA23E5 /* config.h */ = {isa = PBXFileReference; fileEncoding = 4; lastKnownFileType = sourcecode.c.h; path = config.h; sourceTree = "<group>"; };
		E99A5DC51B00ED2700EA23E5 /* brdb.c.h */ = {isa = PBXFileReference; fileEncoding = 4; lastKnownFileType = sourcecode.c.h; path = brdb.c.h; sourceTree = "<group>"; };
		E99A5DC61B00ED2700EA23E5 /* brdb.h */ = {isa = PBXFileReference; fileEncoding = 4; lastKnownFileType = sourcecode.c.h; path = brdb.h; sourceTree = "<group>"; };
		E99A5DC71B00ED2700EA23E5 /* endian.h */ = {isa = PBXFileReference; fileEncoding = 4; lastKnownFileType = sourcecode.c.h; path = endian.h; sourceTree = "<group>"; };
		E99A5DC81B00ED2700EA23E5 /* ole.h */ = {isa = PBXFileReference; fileEncoding = 4; lastKnownFileType = sourcecode.c.h; path = ole.h; sourceTree = "<group>"; };
		E99A5DC91B00ED2700EA23E5 /* xls.h */ = {isa = PBXFileReference; fileEncoding = 4; lastKnownFileType = sourcecode.c.h; path = xls.h; sourceTree = "<group>"; };
		E99A5DCA1B00ED2700EA23E5 /* xlsstruct.h */ = {isa = PBXFileReference; fileEncoding = 4; lastKnownFileType = sourcecode.c.h; path = xlsstruct.h; sourceTree = "<group>"; };
		E99A5DCB1B00ED2700EA23E5 /* xlstool.h */ = {isa = PBXFileReference; fileEncoding = 4; lastKnownFileType = sourcecode.c.h; path = xlstool.h; sourceTree = "<group>"; };
		E99A5DCC1B00ED2700EA23E5 /* xlstypes.h */ = {isa = PBXFileReference; fileEncoding = 4; lastKnownFileType = sourcecode.c.h; path = xlstypes.h; sourceTree = "<group>"; };
		E99A5DCE1B00ED2700EA23E5 /* endian.c */ = {isa = PBXFileReference; fileEncoding = 4; lastKnownFileType = sourcecode.c.c; path = endian.c; sourceTree = "<group>"; };
		E99A5DCF1B00ED2700EA23E5 /* ole.c */ = {isa = PBXFileReference; fileEncoding = 4; lastKnownFileType = sourcecode.c.c; path = ole.c; sourceTree = "<group>"; };
		E99A5DD01B00ED2700EA23E5 /* xls.c */ = {isa = PBXFileReference; fileEncoding = 4; lastKnownFileType = sourcecode.c.c; path = xls.c; sourceTree = "<group>"; };
		E99A5DD11B00ED2700EA23E5 /* xlstool.c */ = {isa = PBXFileReference; fileEncoding = 4; lastKnownFileType = sourcecode.c.c; path = xlstool.c; sourceTree = "<group>"; };
		E99A5DD21B00ED2700EA23E5 /* Licenses */ = {isa = PBXFileReference; fileEncoding = 4; lastKnownFileType = text; path = Licenses; sourceTree = "<group>"; };
		E99A5DD31B00ED2700EA23E5 /* QZCell.h */ = {isa = PBXFileReference; fileEncoding = 4; lastKnownFileType = sourcecode.c.h; path = QZCell.h; sourceTree = "<group>"; };
		E99A5DD41B00ED2700EA23E5 /* QZCell.m */ = {isa = PBXFileReference; fileEncoding = 4; lastKnownFileType = sourcecode.c.objc; path = QZCell.m; sourceTree = "<group>"; };
		E99A5DD51B00ED2700EA23E5 /* QZWorkbook.h */ = {isa = PBXFileReference; fileEncoding = 4; lastKnownFileType = sourcecode.c.h; path = QZWorkbook.h; sourceTree = "<group>"; };
		E99A5DD61B00ED2700EA23E5 /* QZWorkbook.m */ = {isa = PBXFileReference; fileEncoding = 4; lastKnownFileType = sourcecode.c.objc; path = QZWorkbook.m; sourceTree = "<group>"; };
		E99A5DD71B00ED2700EA23E5 /* QZWorkSheet.h */ = {isa = PBXFileReference; fileEncoding = 4; lastKnownFileType = sourcecode.c.h; path = QZWorkSheet.h; sourceTree = "<group>"; };
		E99A5DD81B00ED2700EA23E5 /* QZWorkSheet.m */ = {isa = PBXFileReference; fileEncoding = 4; lastKnownFileType = sourcecode.c.objc; path = QZWorkSheet.m; sourceTree = "<group>"; };
		E99A5DD91B00ED2700EA23E5 /* QZXLSReader-Prefix.pch */ = {isa = PBXFileReference; fileEncoding = 4; lastKnownFileType = sourcecode.c.h; path = "QZXLSReader-Prefix.pch"; sourceTree = "<group>"; };
		E99A5DDA1B00ED2700EA23E5 /* QZXLSReader.h */ = {isa = PBXFileReference; fileEncoding = 4; lastKnownFileType = sourcecode.c.h; path = QZXLSReader.h; sourceTree = "<group>"; };
		E9DC5DDE1B04E69400CA612F /* MsgDisplay.h */ = {isa = PBXFileReference; fileEncoding = 4; lastKnownFileType = sourcecode.c.h; path = MsgDisplay.h; sourceTree = "<group>"; };
		E9DC5DDF1B04E69400CA612F /* MsgDisplay.m */ = {isa = PBXFileReference; fileEncoding = 4; lastKnownFileType = sourcecode.c.objc; path = MsgDisplay.m; sourceTree = "<group>"; };
		E9F3BD211AFF966900D998FC /* QualityKit.app */ = {isa = PBXFileReference; explicitFileType = wrapper.application; includeInIndex = 0; path = QualityKit.app; sourceTree = BUILT_PRODUCTS_DIR; };
		E9F3BD251AFF966900D998FC /* Info.plist */ = {isa = PBXFileReference; lastKnownFileType = text.plist.xml; path = Info.plist; sourceTree = "<group>"; };
		E9F3BD261AFF966900D998FC /* main.m */ = {isa = PBXFileReference; lastKnownFileType = sourcecode.c.objc; path = main.m; sourceTree = "<group>"; };
		E9F3BD281AFF966900D998FC /* AppDelegate.h */ = {isa = PBXFileReference; lastKnownFileType = sourcecode.c.h; path = AppDelegate.h; sourceTree = "<group>"; };
		E9F3BD291AFF966900D998FC /* AppDelegate.m */ = {isa = PBXFileReference; lastKnownFileType = sourcecode.c.objc; path = AppDelegate.m; sourceTree = "<group>"; };
		E9F3BD321AFF966900D998FC /* Base */ = {isa = PBXFileReference; lastKnownFileType = file.storyboard; name = Base; path = Base.lproj/Main.storyboard; sourceTree = "<group>"; };
		E9F3BD341AFF966900D998FC /* Images.xcassets */ = {isa = PBXFileReference; lastKnownFileType = folder.assetcatalog; name = Images.xcassets; path = ../Images.xcassets; sourceTree = "<group>"; };
		E9F3BD371AFF966900D998FC /* Base */ = {isa = PBXFileReference; lastKnownFileType = file.xib; name = Base; path = Base.lproj/LaunchScreen.xib; sourceTree = "<group>"; };
		E9F3BD3D1AFF966900D998FC /* QualityKitTests.xctest */ = {isa = PBXFileReference; explicitFileType = wrapper.cfbundle; includeInIndex = 0; path = QualityKitTests.xctest; sourceTree = BUILT_PRODUCTS_DIR; };
		E9F3BD421AFF966900D998FC /* Info.plist */ = {isa = PBXFileReference; lastKnownFileType = text.plist.xml; path = Info.plist; sourceTree = "<group>"; };
		E9F3BD431AFF966900D998FC /* QualityKitTests.m */ = {isa = PBXFileReference; lastKnownFileType = sourcecode.c.objc; path = QualityKitTests.m; sourceTree = "<group>"; };
		E9F67036A77CC2AE85D32639 /* Pods.release.xcconfig */ = {isa = PBXFileReference; includeInIndex = 1; lastKnownFileType = text.xcconfig; name = Pods.release.xcconfig; path = "Pods/Target Support Files/Pods/Pods.release.xcconfig"; sourceTree = "<group>"; };
		E9F6B8B21B01964900435FB4 /* QualityData.h */ = {isa = PBXFileReference; fileEncoding = 4; lastKnownFileType = sourcecode.c.h; path = QualityData.h; sourceTree = "<group>"; };
		E9F6B8B31B01964900435FB4 /* QualityData.m */ = {isa = PBXFileReference; fileEncoding = 4; lastKnownFileType = sourcecode.c.objc; path = QualityData.m; sourceTree = "<group>"; };
		E9F6B8B71B01A0A700435FB4 /* CoreGraphics.framework */ = {isa = PBXFileReference; lastKnownFileType = wrapper.framework; name = CoreGraphics.framework; path = System/Library/Frameworks/CoreGraphics.framework; sourceTree = SDKROOT; };
		E9F6B8B91B01A0B300435FB4 /* Foundation.framework */ = {isa = PBXFileReference; lastKnownFileType = wrapper.framework; name = Foundation.framework; path = System/Library/Frameworks/Foundation.framework; sourceTree = SDKROOT; };
		E9F6B8BB1B01A0BA00435FB4 /* UIKit.framework */ = {isa = PBXFileReference; lastKnownFileType = wrapper.framework; name = UIKit.framework; path = System/Library/Frameworks/UIKit.framework; sourceTree = SDKROOT; };
		E9F6B8BD1B01A1EF00435FB4 /* ControlChartView.h */ = {isa = PBXFileReference; fileEncoding = 4; lastKnownFileType = sourcecode.c.h; name = ControlChartView.h; path = ControlChartView/ControlChartView.h; sourceTree = "<group>"; };
		E9F6B8BE1B01A1EF00435FB4 /* ControlChartView.m */ = {isa = PBXFileReference; fileEncoding = 4; lastKnownFileType = sourcecode.c.objc; name = ControlChartView.m; path = ControlChartView/ControlChartView.m; sourceTree = "<group>"; };
/* End PBXFileReference section */

/* Begin PBXFrameworksBuildPhase section */
		E9F3BD1E1AFF966900D998FC /* Frameworks */ = {
			isa = PBXFrameworksBuildPhase;
			buildActionMask = 2147483647;
			files = (
				E9F6B8BC1B01A0BA00435FB4 /* UIKit.framework in Frameworks */,
				E9F6B8BA1B01A0B300435FB4 /* Foundation.framework in Frameworks */,
				E9F6B8B81B01A0A700435FB4 /* CoreGraphics.framework in Frameworks */,
				E99A5DB11B00CAF500EA23E5 /* libiconv.dylib in Frameworks */,
				E91DEEAC1AFFAAC500F004F8 /* libc++.dylib in Frameworks */,
				E98C60E61AFFA1DC00710840 /* QuartzCore.framework in Frameworks */,
				FEBA09359E94001A00D39585 /* libPods.a in Frameworks */,
				E98DD9AC1B0100480040C4BE /* Realm.framework in Frameworks */,
			);
			runOnlyForDeploymentPostprocessing = 0;
		};
		E9F3BD3A1AFF966900D998FC /* Frameworks */ = {
			isa = PBXFrameworksBuildPhase;
			buildActionMask = 2147483647;
			files = (
			);
			runOnlyForDeploymentPostprocessing = 0;
		};
/* End PBXFrameworksBuildPhase section */

/* Begin PBXGroup section */
		5CA8AC4B39253730B6CDC4BA /* Frameworks */ = {
			isa = PBXGroup;
			children = (
				E9F6B8BB1B01A0BA00435FB4 /* UIKit.framework */,
				E9F6B8B91B01A0B300435FB4 /* Foundation.framework */,
				E9F6B8B71B01A0A700435FB4 /* CoreGraphics.framework */,
				E98DD9AB1B0100470040C4BE /* Realm.framework */,
				E91DEEAB1AFFAAC500F004F8 /* libc++.dylib */,
				E99A5DB01B00CAF500EA23E5 /* libiconv.dylib */,
				E98C60E51AFFA1DC00710840 /* QuartzCore.framework */,
				5081CC4A0994217905D52E9B /* libPods.a */,
			);
			name = Frameworks;
			sourceTree = "<group>";
		};
		E91DEEAD1AFFAC4200F004F8 /* TSUIKit */ = {
			isa = PBXGroup;
			children = (
				E91DEEAE1AFFAC4200F004F8 /* TSMisc */,
				E91DEEB21AFFAC4200F004F8 /* TSNavigationStripView */,
				E91DEEB91AFFAC4200F004F8 /* TSScrollView */,
				E91DEEBC1AFFAC4200F004F8 /* TSTableView */,
				E91DEED51AFFAC4200F004F8 /* TSTabView */,
				E91DEEDC1AFFAC4200F004F8 /* TSTabViewWithDropDownPanel */,
			);
			path = TSUIKit;
			sourceTree = "<group>";
		};
		E91DEEAE1AFFAC4200F004F8 /* TSMisc */ = {
			isa = PBXGroup;
			children = (
				E91DEEAF1AFFAC4200F004F8 /* TSDefines.h */,
				E91DEEB01AFFAC4200F004F8 /* TSUtils.h */,
				E91DEEB11AFFAC4200F004F8 /* TSUtils.m */,
			);
			path = TSMisc;
			sourceTree = "<group>";
		};
		E91DEEB21AFFAC4200F004F8 /* TSNavigationStripView */ = {
			isa = PBXGroup;
			children = (
				E91DEEB31AFFAC4200F004F8 /* TSNavigationStripDataSource.h */,
				E91DEEB41AFFAC4200F004F8 /* TSNavigationStripModel.h */,
				E91DEEB51AFFAC4200F004F8 /* TSNavigationStripModel.m */,
				E91DEEB61AFFAC4200F004F8 /* TSNavigationStripView.h */,
				E91DEEB71AFFAC4200F004F8 /* TSNavigationStripView.m */,
				E91DEEB81AFFAC4200F004F8 /* TSNavigationStripViewDelegate.h */,
			);
			path = TSNavigationStripView;
			sourceTree = "<group>";
		};
		E91DEEB91AFFAC4200F004F8 /* TSScrollView */ = {
			isa = PBXGroup;
			children = (
				E91DEEBA1AFFAC4200F004F8 /* TSScrollView.h */,
				E91DEEBB1AFFAC4200F004F8 /* TSScrollView.m */,
			);
			path = TSScrollView;
			sourceTree = "<group>";
		};
		E91DEEBC1AFFAC4200F004F8 /* TSTableView */ = {
			isa = PBXGroup;
			children = (
				E91DEEBD1AFFAC4200F004F8 /* Private */,
				E91DEECB1AFFAC4200F004F8 /* TSTableView.h */,
				E91DEECC1AFFAC4200F004F8 /* TSTableView.m */,
				E91DEECD1AFFAC4200F004F8 /* TSTableViewCell.h */,
				E91DEECE1AFFAC4200F004F8 /* TSTableViewCell.m */,
				E91DEECF1AFFAC4200F004F8 /* TSTableViewDataSource.h */,
				E91DEED01AFFAC4200F004F8 /* TSTableViewDelegate.h */,
				E91DEED11AFFAC4200F004F8 /* TSTableViewHeaderSectionView.h */,
				E91DEED21AFFAC4200F004F8 /* TSTableViewHeaderSectionView.m */,
				E91DEED31AFFAC4200F004F8 /* TSTableViewModel.h */,
				E91DEED41AFFAC4200F004F8 /* TSTableViewModel.m */,
			);
			path = TSTableView;
			sourceTree = "<group>";
		};
		E91DEEBD1AFFAC4200F004F8 /* Private */ = {
			isa = PBXGroup;
			children = (
				E91DEEBE1AFFAC4200F004F8 /* TSTableViewAppearanceCoordinator.h */,
				E91DEEBF1AFFAC4200F004F8 /* TSTableViewContentHolder.h */,
				E91DEEC01AFFAC4200F004F8 /* TSTableViewContentHolder.m */,
				E91DEEC11AFFAC4200F004F8 /* TSTableViewExpandControlPanel.h */,
				E91DEEC21AFFAC4200F004F8 /* TSTableViewExpandControlPanel.m */,
				E91DEEC31AFFAC4200F004F8 /* TSTableViewExpandSection.h */,
				E91DEEC41AFFAC4200F004F8 /* TSTableViewExpandSection.m */,
				E91DEEC51AFFAC4200F004F8 /* TSTableViewHeaderPanel.h */,
				E91DEEC61AFFAC4200F004F8 /* TSTableViewHeaderPanel.m */,
				E91DEEC71AFFAC4200F004F8 /* TSTableViewHeaderSection.h */,
				E91DEEC81AFFAC4200F004F8 /* TSTableViewHeaderSection.m */,
				E91DEEC91AFFAC4200F004F8 /* TSTableViewRow.h */,
				E91DEECA1AFFAC4200F004F8 /* TSTableViewRow.m */,
			);
			path = Private;
			sourceTree = "<group>";
		};
		E91DEED51AFFAC4200F004F8 /* TSTabView */ = {
			isa = PBXGroup;
			children = (
				E91DEED61AFFAC4200F004F8 /* TSTabView.h */,
				E91DEED71AFFAC4200F004F8 /* TSTabView.m */,
				E91DEED81AFFAC4200F004F8 /* TSTabViewDataSource.h */,
				E91DEED91AFFAC4200F004F8 /* TSTabViewDelegate.h */,
				E91DEEDA1AFFAC4200F004F8 /* TSTabViewModel.h */,
				E91DEEDB1AFFAC4200F004F8 /* TSTabViewModel.m */,
			);
			path = TSTabView;
			sourceTree = "<group>";
		};
		E91DEEDC1AFFAC4200F004F8 /* TSTabViewWithDropDownPanel */ = {
			isa = PBXGroup;
			children = (
				E91DEEDD1AFFAC4200F004F8 /* TSTabViewWithDropDownPanel.h */,
				E91DEEDE1AFFAC4200F004F8 /* TSTabViewWithDropDownPanel.m */,
				E91DEEDF1AFFAC4200F004F8 /* TSTabViewWithDropDownPanelDelegate.h */,
				E91DEEE01AFFAC4200F004F8 /* TSTabViewWithDropDownPanelModel.h */,
				E91DEEE11AFFAC4200F004F8 /* TSTabViewWithDropDownPanelModel.m */,
			);
			path = TSTabViewWithDropDownPanel;
			sourceTree = "<group>";
		};
		E92C93071B0490490026BD3A /* shareInstance */ = {
			isa = PBXGroup;
			children = (
				E92C93081B0490490026BD3A /* data.h */,
				E92C93091B0490490026BD3A /* data.m */,
			);
			path = shareInstance;
			sourceTree = "<group>";
		};
		E98C60971AFFA19900710840 /* Controller */ = {
			isa = PBXGroup;
			children = (
				E9F3BD311AFF966900D998FC /* Main.storyboard */,
				E966D0C91B034FD40070AA69 /* MasterViewController.h */,
				E966D0CA1B034FD40070AA69 /* MasterViewController.m */,
				E966D0C71B034FD40070AA69 /* DetailViewController.h */,
				E966D0C81B034FD40070AA69 /* DetailViewController.m */,
				E966D0B91B01E89F0070AA69 /* ControlChartViewController.h */,
				E966D0BA1B01E89F0070AA69 /* ControlChartViewController.m */,
				E966D0C41B024F5B0070AA69 /* RulesTableViewController.h */,
				E966D0C51B024F5B0070AA69 /* RulesTableViewController.m */,
			);
			path = Controller;
			sourceTree = "<group>";
		};
		E98C60981AFFA19900710840 /* Model */ = {
			isa = PBXGroup;
			children = (
				E966D0C11B022A890070AA69 /* QualityKitDef.h */,
				E966D0C21B022A890070AA69 /* QualityKitDef.m */,
				E92C930E1B0490F20026BD3A /* QKDataAnalyzer.h */,
				E92C930F1B0490F20026BD3A /* QKDataAnalyzer.m */,
				E9F6B8B51B01991B00435FB4 /* DataModel */,
				E99A5DB41B00CDF500EA23E5 /* DataManager.h */,
				E99A5DB51B00CDF500EA23E5 /* DataManager.m */,
				E99A5DBB1B00E5ED00EA23E5 /* DataProcessor.h */,
				E99A5DBC1B00E5ED00EA23E5 /* DataProcessor.m */,
				E99A5DBE1B00ED2700EA23E5 /* QZXLSReader */,
				E92C93071B0490490026BD3A /* shareInstance */,
			);
			path = Model;
			sourceTree = "<group>";
		};
		E98C60991AFFA19900710840 /* Resource */ = {
			isa = PBXGroup;
			children = (
				E9F3BD341AFF966900D998FC /* Images.xcassets */,
			);
			path = Resource;
			sourceTree = "<group>";
		};
		E98C60D01AFFA19900710840 /* View */ = {
			isa = PBXGroup;
			children = (
				E9DC5DDE1B04E69400CA612F /* MsgDisplay.h */,
				E9DC5DDF1B04E69400CA612F /* MsgDisplay.m */,
				E9F6B8B61B0199C200435FB4 /* ControlChartView */,
				E91DEEAD1AFFAC4200F004F8 /* TSUIKit */,
			);
			path = View;
			sourceTree = "<group>";
		};
		E98C60E41AFFA1A600710840 /* Main */ = {
			isa = PBXGroup;
			children = (
				E9F3BD281AFF966900D998FC /* AppDelegate.h */,
				E9F3BD291AFF966900D998FC /* AppDelegate.m */,
				E9F3BD361AFF966900D998FC /* LaunchScreen.xib */,
			);
			name = Main;
			sourceTree = "<group>";
		};
		E99A5DBE1B00ED2700EA23E5 /* QZXLSReader */ = {
			isa = PBXGroup;
			children = (
				E99A5DBF1B00ED2700EA23E5 /* libxls */,
				E99A5DD21B00ED2700EA23E5 /* Licenses */,
				E99A5DD31B00ED2700EA23E5 /* QZCell.h */,
				E99A5DD41B00ED2700EA23E5 /* QZCell.m */,
				E99A5DD51B00ED2700EA23E5 /* QZWorkbook.h */,
				E99A5DD61B00ED2700EA23E5 /* QZWorkbook.m */,
				E99A5DD71B00ED2700EA23E5 /* QZWorkSheet.h */,
				E99A5DD81B00ED2700EA23E5 /* QZWorkSheet.m */,
				E99A5DD91B00ED2700EA23E5 /* QZXLSReader-Prefix.pch */,
				E99A5DDA1B00ED2700EA23E5 /* QZXLSReader.h */,
			);
			path = QZXLSReader;
			sourceTree = "<group>";
		};
		E99A5DBF1B00ED2700EA23E5 /* libxls */ = {
			isa = PBXGroup;
			children = (
				E99A5DC01B00ED2700EA23E5 /* C++ */,
				E99A5DC31B00ED2700EA23E5 /* config.h */,
				E99A5DC41B00ED2700EA23E5 /* include */,
				E99A5DCD1B00ED2700EA23E5 /* src */,
			);
			path = libxls;
			sourceTree = "<group>";
		};
		E99A5DC01B00ED2700EA23E5 /* C++ */ = {
			isa = PBXGroup;
			children = (
				E99A5DC11B00ED2700EA23E5 /* XlsReader.cpp */,
				E99A5DC21B00ED2700EA23E5 /* XlsReader.h */,
			);
			path = "C++";
			sourceTree = "<group>";
		};
		E99A5DC41B00ED2700EA23E5 /* include */ = {
			isa = PBXGroup;
			children = (
				E99A5DC51B00ED2700EA23E5 /* brdb.c.h */,
				E99A5DC61B00ED2700EA23E5 /* brdb.h */,
				E99A5DC71B00ED2700EA23E5 /* endian.h */,
				E99A5DC81B00ED2700EA23E5 /* ole.h */,
				E99A5DC91B00ED2700EA23E5 /* xls.h */,
				E99A5DCA1B00ED2700EA23E5 /* xlsstruct.h */,
				E99A5DCB1B00ED2700EA23E5 /* xlstool.h */,
				E99A5DCC1B00ED2700EA23E5 /* xlstypes.h */,
			);
			path = include;
			sourceTree = "<group>";
		};
		E99A5DCD1B00ED2700EA23E5 /* src */ = {
			isa = PBXGroup;
			children = (
				E99A5DCE1B00ED2700EA23E5 /* endian.c */,
				E99A5DCF1B00ED2700EA23E5 /* ole.c */,
				E99A5DD01B00ED2700EA23E5 /* xls.c */,
				E99A5DD11B00ED2700EA23E5 /* xlstool.c */,
			);
			path = src;
			sourceTree = "<group>";
		};
		E9F3BD181AFF966800D998FC = {
			isa = PBXGroup;
			children = (
				E9F3BD231AFF966900D998FC /* QualityKit */,
				E9F3BD401AFF966900D998FC /* QualityKitTests */,
				E9F3BD221AFF966900D998FC /* Products */,
				F776C3D722BAA7A8FC7CF43C /* Pods */,
				5CA8AC4B39253730B6CDC4BA /* Frameworks */,
			);
			sourceTree = "<group>";
		};
		E9F3BD221AFF966900D998FC /* Products */ = {
			isa = PBXGroup;
			children = (
				E9F3BD211AFF966900D998FC /* QualityKit.app */,
				E9F3BD3D1AFF966900D998FC /* QualityKitTests.xctest */,
			);
			name = Products;
			sourceTree = "<group>";
		};
		E9F3BD231AFF966900D998FC /* QualityKit */ = {
			isa = PBXGroup;
			children = (
				E98C60E41AFFA1A600710840 /* Main */,
				E98C60981AFFA19900710840 /* Model */,
				E98C60D01AFFA19900710840 /* View */,
				E98C60971AFFA19900710840 /* Controller */,
				E98C60991AFFA19900710840 /* Resource */,
				E9F3BD241AFF966900D998FC /* Supporting Files */,
			);
			path = QualityKit;
			sourceTree = "<group>";
		};
		E9F3BD241AFF966900D998FC /* Supporting Files */ = {
			isa = PBXGroup;
			children = (
				E9F3BD251AFF966900D998FC /* Info.plist */,
				E9F3BD261AFF966900D998FC /* main.m */,
			);
			name = "Supporting Files";
			sourceTree = "<group>";
		};
		E9F3BD401AFF966900D998FC /* QualityKitTests */ = {
			isa = PBXGroup;
			children = (
				E9F3BD431AFF966900D998FC /* QualityKitTests.m */,
				E9F3BD411AFF966900D998FC /* Supporting Files */,
			);
			path = QualityKitTests;
			sourceTree = "<group>";
		};
		E9F3BD411AFF966900D998FC /* Supporting Files */ = {
			isa = PBXGroup;
			children = (
				E9F3BD421AFF966900D998FC /* Info.plist */,
			);
			name = "Supporting Files";
			sourceTree = "<group>";
		};
		E9F6B8B51B01991B00435FB4 /* DataModel */ = {
			isa = PBXGroup;
			children = (
				E9F6B8B21B01964900435FB4 /* QualityData.h */,
				E9F6B8B31B01964900435FB4 /* QualityData.m */,
			);
			name = DataModel;
			sourceTree = "<group>";
		};
		E9F6B8B61B0199C200435FB4 /* ControlChartView */ = {
			isa = PBXGroup;
			children = (
				E9F6B8BD1B01A1EF00435FB4 /* ControlChartView.h */,
				E9F6B8BE1B01A1EF00435FB4 /* ControlChartView.m */,
			);
			name = ControlChartView;
			sourceTree = "<group>";
		};
		F776C3D722BAA7A8FC7CF43C /* Pods */ = {
			isa = PBXGroup;
			children = (
				A19FF4B7E4FF5F87622D6772 /* Pods.debug.xcconfig */,
				E9F67036A77CC2AE85D32639 /* Pods.release.xcconfig */,
			);
			name = Pods;
			sourceTree = "<group>";
		};
/* End PBXGroup section */

/* Begin PBXNativeTarget section */
		E9F3BD201AFF966900D998FC /* QualityKit */ = {
			isa = PBXNativeTarget;
			buildConfigurationList = E9F3BD471AFF966900D998FC /* Build configuration list for PBXNativeTarget "QualityKit" */;
			buildPhases = (
				54B5701AC1BF9B8083D935DE /* Check Pods Manifest.lock */,
				E9F3BD1D1AFF966900D998FC /* Sources */,
				E9F3BD1E1AFF966900D998FC /* Frameworks */,
				E9F3BD1F1AFF966900D998FC /* Resources */,
				BBFCF246402B9346F2C35E14 /* Copy Pods Resources */,
			);
			buildRules = (
			);
			dependencies = (
			);
			name = QualityKit;
			productName = QualityKit;
			productReference = E9F3BD211AFF966900D998FC /* QualityKit.app */;
			productType = "com.apple.product-type.application";
		};
		E9F3BD3C1AFF966900D998FC /* QualityKitTests */ = {
			isa = PBXNativeTarget;
			buildConfigurationList = E9F3BD4A1AFF966900D998FC /* Build configuration list for PBXNativeTarget "QualityKitTests" */;
			buildPhases = (
				E9F3BD391AFF966900D998FC /* Sources */,
				E9F3BD3A1AFF966900D998FC /* Frameworks */,
				E9F3BD3B1AFF966900D998FC /* Resources */,
			);
			buildRules = (
			);
			dependencies = (
				E9F3BD3F1AFF966900D998FC /* PBXTargetDependency */,
			);
			name = QualityKitTests;
			productName = QualityKitTests;
			productReference = E9F3BD3D1AFF966900D998FC /* QualityKitTests.xctest */;
			productType = "com.apple.product-type.bundle.unit-test";
		};
/* End PBXNativeTarget section */

/* Begin PBXProject section */
		E9F3BD191AFF966800D998FC /* Project object */ = {
			isa = PBXProject;
			attributes = {
				LastUpgradeCheck = 0630;
				ORGANIZATIONNAME = "Qin Yubo";
				TargetAttributes = {
					E9F3BD201AFF966900D998FC = {
						CreatedOnToolsVersion = 6.3.1;
					};
					E9F3BD3C1AFF966900D998FC = {
						CreatedOnToolsVersion = 6.3.1;
						TestTargetID = E9F3BD201AFF966900D998FC;
					};
				};
			};
			buildConfigurationList = E9F3BD1C1AFF966800D998FC /* Build configuration list for PBXProject "QualityKit" */;
			compatibilityVersion = "Xcode 3.2";
			developmentRegion = English;
			hasScannedForEncodings = 0;
			knownRegions = (
				en,
				Base,
			);
			mainGroup = E9F3BD181AFF966800D998FC;
			productRefGroup = E9F3BD221AFF966900D998FC /* Products */;
			projectDirPath = "";
			projectRoot = "";
			targets = (
				E9F3BD201AFF966900D998FC /* QualityKit */,
				E9F3BD3C1AFF966900D998FC /* QualityKitTests */,
			);
		};
/* End PBXProject section */

/* Begin PBXResourcesBuildPhase section */
		E9F3BD1F1AFF966900D998FC /* Resources */ = {
			isa = PBXResourcesBuildPhase;
			buildActionMask = 2147483647;
			files = (
				E9F3BD331AFF966900D998FC /* Main.storyboard in Resources */,
				E9F3BD381AFF966900D998FC /* LaunchScreen.xib in Resources */,
				E9F3BD351AFF966900D998FC /* Images.xcassets in Resources */,
				E99A5DE01B00ED2700EA23E5 /* Licenses in Resources */,
			);
			runOnlyForDeploymentPostprocessing = 0;
		};
		E9F3BD3B1AFF966900D998FC /* Resources */ = {
			isa = PBXResourcesBuildPhase;
			buildActionMask = 2147483647;
			files = (
			);
			runOnlyForDeploymentPostprocessing = 0;
		};
/* End PBXResourcesBuildPhase section */

/* Begin PBXShellScriptBuildPhase section */
		54B5701AC1BF9B8083D935DE /* Check Pods Manifest.lock */ = {
			isa = PBXShellScriptBuildPhase;
			buildActionMask = 2147483647;
			files = (
			);
			inputPaths = (
			);
			name = "Check Pods Manifest.lock";
			outputPaths = (
			);
			runOnlyForDeploymentPostprocessing = 0;
			shellPath = /bin/sh;
			shellScript = "diff \"${PODS_ROOT}/../Podfile.lock\" \"${PODS_ROOT}/Manifest.lock\" > /dev/null\nif [[ $? != 0 ]] ; then\n    cat << EOM\nerror: The sandbox is not in sync with the Podfile.lock. Run 'pod install' or update your CocoaPods installation.\nEOM\n    exit 1\nfi\n";
			showEnvVarsInLog = 0;
		};
		BBFCF246402B9346F2C35E14 /* Copy Pods Resources */ = {
			isa = PBXShellScriptBuildPhase;
			buildActionMask = 2147483647;
			files = (
			);
			inputPaths = (
			);
			name = "Copy Pods Resources";
			outputPaths = (
			);
			runOnlyForDeploymentPostprocessing = 0;
			shellPath = /bin/sh;
			shellScript = "\"${SRCROOT}/Pods/Target Support Files/Pods/Pods-resources.sh\"\n";
			showEnvVarsInLog = 0;
		};
/* End PBXShellScriptBuildPhase section */

/* Begin PBXSourcesBuildPhase section */
		E9F3BD1D1AFF966900D998FC /* Sources */ = {
			isa = PBXSourcesBuildPhase;
			buildActionMask = 2147483647;
			files = (
				E99A5DDB1B00ED2700EA23E5 /* XlsReader.cpp in Sources */,
				E99A5DDE1B00ED2700EA23E5 /* xls.c in Sources */,
				E91DEEE81AFFAC4200F004F8 /* TSTableViewExpandSection.m in Sources */,
				E9F6B8BF1B01A1EF00435FB4 /* ControlChartView.m in Sources */,
				E91DEEE41AFFAC4200F004F8 /* TSNavigationStripView.m in Sources */,
				E9F6B8B41B01964900435FB4 /* QualityData.m in Sources */,
				E91DEEEF1AFFAC4200F004F8 /* TSTableViewModel.m in Sources */,
				E91DEEEE1AFFAC4200F004F8 /* TSTableViewHeaderSectionView.m in Sources */,
				E99A5DBD1B00E5ED00EA23E5 /* DataProcessor.m in Sources */,
				E9F3BD2A1AFF966900D998FC /* AppDelegate.m in Sources */,
				E99A5DE11B00ED2700EA23E5 /* QZCell.m in Sources */,
				E91DEEEB1AFFAC4200F004F8 /* TSTableViewRow.m in Sources */,
				E91DEEEC1AFFAC4200F004F8 /* TSTableView.m in Sources */,
				E92C930A1B0490490026BD3A /* data.m in Sources */,
				E91DEEE51AFFAC4200F004F8 /* TSScrollView.m in Sources */,
				E91DEEF21AFFAC4200F004F8 /* TSTabViewWithDropDownPanel.m in Sources */,
				E91DEEED1AFFAC4200F004F8 /* TSTableViewCell.m in Sources */,
				E966D0BB1B01E89F0070AA69 /* ControlChartViewController.m in Sources */,
				E966D0CC1B034FD40070AA69 /* MasterViewController.m in Sources */,
				E966D0C31B022A890070AA69 /* QualityKitDef.m in Sources */,
				E99A5DDC1B00ED2700EA23E5 /* endian.c in Sources */,
				E99A5DE31B00ED2700EA23E5 /* QZWorkSheet.m in Sources */,
				E91DEEF11AFFAC4200F004F8 /* TSTabViewModel.m in Sources */,
				E99A5DB61B00CDF500EA23E5 /* DataManager.m in Sources */,
				E91DEEF31AFFAC4200F004F8 /* TSTabViewWithDropDownPanelModel.m in Sources */,
				E91DEEE61AFFAC4200F004F8 /* TSTableViewContentHolder.m in Sources */,
				E966D0CB1B034FD40070AA69 /* DetailViewController.m in Sources */,
				E91DEEE21AFFAC4200F004F8 /* TSUtils.m in Sources */,
				E92C93101B0490F20026BD3A /* QKDataAnalyzer.m in Sources */,
				E91DEEF01AFFAC4200F004F8 /* TSTabView.m in Sources */,
				E91DEEEA1AFFAC4200F004F8 /* TSTableViewHeaderSection.m in Sources */,
				E91DEEE31AFFAC4200F004F8 /* TSNavigationStripModel.m in Sources */,
				E99A5DDF1B00ED2700EA23E5 /* xlstool.c in Sources */,
				E91DEEE71AFFAC4200F004F8 /* TSTableViewExpandControlPanel.m in Sources */,
				E9F3BD271AFF966900D998FC /* main.m in Sources */,
				E99A5DDD1B00ED2700EA23E5 /* ole.c in Sources */,
				E91DEEE91AFFAC4200F004F8 /* TSTableViewHeaderPanel.m in Sources */,
				E966D0C61B024F5B0070AA69 /* RulesTableViewController.m in Sources */,
				E9DC5DE01B04E69400CA612F /* MsgDisplay.m in Sources */,
				E99A5DE21B00ED2700EA23E5 /* QZWorkbook.m in Sources */,
			);
			runOnlyForDeploymentPostprocessing = 0;
		};
		E9F3BD391AFF966900D998FC /* Sources */ = {
			isa = PBXSourcesBuildPhase;
			buildActionMask = 2147483647;
			files = (
				E9F3BD441AFF966900D998FC /* QualityKitTests.m in Sources */,
			);
			runOnlyForDeploymentPostprocessing = 0;
		};
/* End PBXSourcesBuildPhase section */

/* Begin PBXTargetDependency section */
		E9F3BD3F1AFF966900D998FC /* PBXTargetDependency */ = {
			isa = PBXTargetDependency;
			target = E9F3BD201AFF966900D998FC /* QualityKit */;
			targetProxy = E9F3BD3E1AFF966900D998FC /* PBXContainerItemProxy */;
		};
/* End PBXTargetDependency section */

/* Begin PBXVariantGroup section */
		E9F3BD311AFF966900D998FC /* Main.storyboard */ = {
			isa = PBXVariantGroup;
			children = (
				E9F3BD321AFF966900D998FC /* Base */,
				E99A5DB31B00CD9400EA23E5 /* zh-Hans */,
			);
			name = Main.storyboard;
			path = ..;
			sourceTree = "<group>";
		};
		E9F3BD361AFF966900D998FC /* LaunchScreen.xib */ = {
			isa = PBXVariantGroup;
			children = (
				E9F3BD371AFF966900D998FC /* Base */,
				E99A5DB21B00CD9400EA23E5 /* zh-Hans */,
			);
			name = LaunchScreen.xib;
			sourceTree = "<group>";
		};
/* End PBXVariantGroup section */

/* Begin XCBuildConfiguration section */
		E9F3BD451AFF966900D998FC /* Debug */ = {
			isa = XCBuildConfiguration;
			buildSettings = {
				ALWAYS_SEARCH_USER_PATHS = NO;
				CLANG_CXX_LANGUAGE_STANDARD = "gnu++0x";
				CLANG_CXX_LIBRARY = "libc++";
				CLANG_ENABLE_MODULES = YES;
				CLANG_ENABLE_OBJC_ARC = YES;
				CLANG_WARN_BOOL_CONVERSION = YES;
				CLANG_WARN_CONSTANT_CONVERSION = YES;
				CLANG_WARN_DIRECT_OBJC_ISA_USAGE = YES_ERROR;
				CLANG_WARN_EMPTY_BODY = YES;
				CLANG_WARN_ENUM_CONVERSION = YES;
				CLANG_WARN_INT_CONVERSION = YES;
				CLANG_WARN_OBJC_ROOT_CLASS = YES_ERROR;
				CLANG_WARN_UNREACHABLE_CODE = YES;
				CLANG_WARN__DUPLICATE_METHOD_MATCH = YES;
				"CODE_SIGN_IDENTITY[sdk=iphoneos*]" = "iPhone Developer";
				COPY_PHASE_STRIP = NO;
				DEBUG_INFORMATION_FORMAT = "dwarf-with-dsym";
				ENABLE_STRICT_OBJC_MSGSEND = YES;
				GCC_C_LANGUAGE_STANDARD = gnu99;
				GCC_DYNAMIC_NO_PIC = NO;
				GCC_NO_COMMON_BLOCKS = YES;
				GCC_OPTIMIZATION_LEVEL = 0;
				GCC_PREPROCESSOR_DEFINITIONS = (
					"DEBUG=1",
					"$(inherited)",
				);
				GCC_SYMBOLS_PRIVATE_EXTERN = NO;
				GCC_WARN_64_TO_32_BIT_CONVERSION = YES;
				GCC_WARN_ABOUT_RETURN_TYPE = YES_ERROR;
				GCC_WARN_UNDECLARED_SELECTOR = YES;
				GCC_WARN_UNINITIALIZED_AUTOS = YES_AGGRESSIVE;
				GCC_WARN_UNUSED_FUNCTION = YES;
				GCC_WARN_UNUSED_VARIABLE = YES;
				IPHONEOS_DEPLOYMENT_TARGET = 8.3;
				MTL_ENABLE_DEBUG_INFO = YES;
				ONLY_ACTIVE_ARCH = YES;
				SDKROOT = iphoneos;
				TARGETED_DEVICE_FAMILY = "1,2";
			};
			name = Debug;
		};
		E9F3BD461AFF966900D998FC /* Release */ = {
			isa = XCBuildConfiguration;
			buildSettings = {
				ALWAYS_SEARCH_USER_PATHS = NO;
				CLANG_CXX_LANGUAGE_STANDARD = "gnu++0x";
				CLANG_CXX_LIBRARY = "libc++";
				CLANG_ENABLE_MODULES = YES;
				CLANG_ENABLE_OBJC_ARC = YES;
				CLANG_WARN_BOOL_CONVERSION = YES;
				CLANG_WARN_CONSTANT_CONVERSION = YES;
				CLANG_WARN_DIRECT_OBJC_ISA_USAGE = YES_ERROR;
				CLANG_WARN_EMPTY_BODY = YES;
				CLANG_WARN_ENUM_CONVERSION = YES;
				CLANG_WARN_INT_CONVERSION = YES;
				CLANG_WARN_OBJC_ROOT_CLASS = YES_ERROR;
				CLANG_WARN_UNREACHABLE_CODE = YES;
				CLANG_WARN__DUPLICATE_METHOD_MATCH = YES;
				"CODE_SIGN_IDENTITY[sdk=iphoneos*]" = "iPhone Developer";
				COPY_PHASE_STRIP = NO;
				DEBUG_INFORMATION_FORMAT = "dwarf-with-dsym";
				ENABLE_NS_ASSERTIONS = NO;
				ENABLE_STRICT_OBJC_MSGSEND = YES;
				GCC_C_LANGUAGE_STANDARD = gnu99;
				GCC_NO_COMMON_BLOCKS = YES;
				GCC_WARN_64_TO_32_BIT_CONVERSION = YES;
				GCC_WARN_ABOUT_RETURN_TYPE = YES_ERROR;
				GCC_WARN_UNDECLARED_SELECTOR = YES;
				GCC_WARN_UNINITIALIZED_AUTOS = YES_AGGRESSIVE;
				GCC_WARN_UNUSED_FUNCTION = YES;
				GCC_WARN_UNUSED_VARIABLE = YES;
				IPHONEOS_DEPLOYMENT_TARGET = 8.3;
				MTL_ENABLE_DEBUG_INFO = NO;
				SDKROOT = iphoneos;
				TARGETED_DEVICE_FAMILY = "1,2";
				VALIDATE_PRODUCT = YES;
			};
			name = Release;
		};
		E9F3BD481AFF966900D998FC /* Debug */ = {
			isa = XCBuildConfiguration;
			baseConfigurationReference = A19FF4B7E4FF5F87622D6772 /* Pods.debug.xcconfig */;
			buildSettings = {
				ASSETCATALOG_COMPILER_APPICON_NAME = AppIcon;
				FRAMEWORK_SEARCH_PATHS = (
					"$(inherited)",
					"$(PROJECT_DIR)/QualityKit/Resource",
					"$(PROJECT_DIR)/QualityKit/Framework",
					"$(PROJECT_DIR)",
				);
				INFOPLIST_FILE = QualityKit/Info.plist;
				LD_RUNPATH_SEARCH_PATHS = "$(inherited) @executable_path/Frameworks";
				PRODUCT_NAME = "$(TARGET_NAME)";
			};
			name = Debug;
		};
		E9F3BD491AFF966900D998FC /* Release */ = {
			isa = XCBuildConfiguration;
			baseConfigurationReference = E9F67036A77CC2AE85D32639 /* Pods.release.xcconfig */;
			buildSettings = {
				ASSETCATALOG_COMPILER_APPICON_NAME = AppIcon;
				FRAMEWORK_SEARCH_PATHS = (
					"$(inherited)",
					"$(PROJECT_DIR)/QualityKit/Resource",
					"$(PROJECT_DIR)/QualityKit/Framework",
					"$(PROJECT_DIR)",
				);
				INFOPLIST_FILE = QualityKit/Info.plist;
				LD_RUNPATH_SEARCH_PATHS = "$(inherited) @executable_path/Frameworks";
				PRODUCT_NAME = "$(TARGET_NAME)";
			};
			name = Release;
		};
		E9F3BD4B1AFF966900D998FC /* Debug */ = {
			isa = XCBuildConfiguration;
			buildSettings = {
				BUNDLE_LOADER = "$(TEST_HOST)";
				FRAMEWORK_SEARCH_PATHS = (
					"$(SDKROOT)/Developer/Library/Frameworks",
					"$(inherited)",
				);
				GCC_PREPROCESSOR_DEFINITIONS = (
					"DEBUG=1",
					"$(inherited)",
				);
				INFOPLIST_FILE = QualityKitTests/Info.plist;
				LD_RUNPATH_SEARCH_PATHS = "$(inherited) @executable_path/Frameworks @loader_path/Frameworks";
				PRODUCT_NAME = "$(TARGET_NAME)";
				TEST_HOST = "$(BUILT_PRODUCTS_DIR)/QualityKit.app/QualityKit";
			};
			name = Debug;
		};
		E9F3BD4C1AFF966900D998FC /* Release */ = {
			isa = XCBuildConfiguration;
			buildSettings = {
				BUNDLE_LOADER = "$(TEST_HOST)";
				FRAMEWORK_SEARCH_PATHS = (
					"$(SDKROOT)/Developer/Library/Frameworks",
					"$(inherited)",
				);
				INFOPLIST_FILE = QualityKitTests/Info.plist;
				LD_RUNPATH_SEARCH_PATHS = "$(inherited) @executable_path/Frameworks @loader_path/Frameworks";
				PRODUCT_NAME = "$(TARGET_NAME)";
				TEST_HOST = "$(BUILT_PRODUCTS_DIR)/QualityKit.app/QualityKit";
			};
			name = Release;
		};
/* End XCBuildConfiguration section */

/* Begin XCConfigurationList section */
		E9F3BD1C1AFF966800D998FC /* Build configuration list for PBXProject "QualityKit" */ = {
			isa = XCConfigurationList;
			buildConfigurations = (
				E9F3BD451AFF966900D998FC /* Debug */,
				E9F3BD461AFF966900D998FC /* Release */,
			);
			defaultConfigurationIsVisible = 0;
			defaultConfigurationName = Release;
		};
		E9F3BD471AFF966900D998FC /* Build configuration list for PBXNativeTarget "QualityKit" */ = {
			isa = XCConfigurationList;
			buildConfigurations = (
				E9F3BD481AFF966900D998FC /* Debug */,
				E9F3BD491AFF966900D998FC /* Release */,
			);
			defaultConfigurationIsVisible = 0;
			defaultConfigurationName = Release;
		};
		E9F3BD4A1AFF966900D998FC /* Build configuration list for PBXNativeTarget "QualityKitTests" */ = {
			isa = XCConfigurationList;
			buildConfigurations = (
				E9F3BD4B1AFF966900D998FC /* Debug */,
				E9F3BD4C1AFF966900D998FC /* Release */,
			);
			defaultConfigurationIsVisible = 0;
			defaultConfigurationName = Release;
		};
/* End XCConfigurationList section */
	};
	rootObject = E9F3BD191AFF966800D998FC /* Project object */;
}
